
Microsoft Visual Studio Solution File, Format Version 12.00
# Visual Studio Version 17
VisualStudioVersion = 17.11.35312.102
MinimumVisualStudioVersion = 10.0.40219.1
Project("{FAE04EC0-301F-11D3-BF4B-00C04F79EFBC}") = "MailingSystem", "MailingSystem\MailingSystem.csproj", "{430AE2F2-D6CD-4F2F-AC2E-0E6CB00F3F2E}"
EndProject
Global
	GlobalSection(SolutionConfigurationPlatforms) = preSolution
		Debug|Any CPU = Debug|Any CPU
		Release|Any CPU = Release|Any CPU
	EndGlobalSection
	GlobalSection(ProjectConfigurationPlatforms) = postSolution
		{430AE2F2-D6CD-4F2F-AC2E-0E6CB00F3F2E}.Debug|Any CPU.ActiveCfg = Debug|Any CPU
		{430AE2F2-D6CD-4F2F-AC2E-0E6CB00F3F2E}.Debug|Any CPU.Build.0 = Debug|Any CPU
		{430AE2F2-D6CD-4F2F-AC2E-0E6CB00F3F2E}.Release|Any CPU.ActiveCfg = Release|Any CPU
		{430AE2F2-D6CD-4F2F-AC2E-0E6CB00F3F2E}.Release|Any CPU.Build.0 = Release|Any CPU
	EndGlobalSection
	GlobalSection(SolutionProperties) = preSolution
		HideSolutionNode = FALSE
	EndGlobalSection
	GlobalSection(ExtensibilityGlobals) = postSolution
		SolutionGuid = {B0FABAF8-D710-4D8C-8534-7E4EE249CB47}
	EndGlobalSection
EndGlobal
